
Microsoft Visual Studio Solution File, Format Version 12.00
# Visual Studio Version 17
VisualStudioVersion = 17.14.36518.9
MinimumVisualStudioVersion = 10.0.40219.1
Project("{FAE04EC0-301F-11D3-BF4B-00C04F79EFBC}") = "BD_RA6_CesarRios", "BD_RA6_CesarRios\BD_RA6_CesarRios.csproj", "{2594B805-D7A1-4522-B36D-6FF80234B310}"
EndProject
Global
	GlobalSection(SolutionConfigurationPlatforms) = preSolution
		Debug|Any CPU = Debug|Any CPU
		Release|Any CPU = Release|Any CPU
	EndGlobalSection
	GlobalSection(ProjectConfigurationPlatforms) = postSolution
		{2594B805-D7A1-4522-B36D-6FF80234B310}.Debug|Any CPU.ActiveCfg = Debug|Any CPU
		{2594B805-D7A1-4522-B36D-6FF80234B310}.Debug|Any CPU.Build.0 = Debug|Any CPU
		{2594B805-D7A1-4522-B36D-6FF80234B310}.Release|Any CPU.ActiveCfg = Release|Any CPU
		{2594B805-D7A1-4522-B36D-6FF80234B310}.Release|Any CPU.Build.0 = Release|Any CPU
	EndGlobalSection
	GlobalSection(SolutionProperties) = preSolution
		HideSolutionNode = FALSE
	EndGlobalSection
	GlobalSection(ExtensibilityGlobals) = postSolution
		SolutionGuid = {1D6C63B2-113D-446E-9A4B-0CA34F15654D}
	EndGlobalSection
EndGlobal
